// !$*UTF8*$!
{
	archiveVersion = 1;
	classes = {
	};
	objectVersion = 56;
	objects = {

/* Begin PBXBuildFile section */
		180A7EE229AB694700B3081B /* AppDelegate.swift in Sources */ = {isa = PBXBuildFile; fileRef = 180A7EE129AB694700B3081B /* AppDelegate.swift */; };
		180A7EE929AB694700B3081B /* Main.storyboard in Resources */ = {isa = PBXBuildFile; fileRef = 180A7EE729AB694700B3081B /* Main.storyboard */; };
		180A7EEB29AB694800B3081B /* Assets.xcassets in Resources */ = {isa = PBXBuildFile; fileRef = 180A7EEA29AB694800B3081B /* Assets.xcassets */; };
		180A7EEE29AB694800B3081B /* LaunchScreen.storyboard in Resources */ = {isa = PBXBuildFile; fileRef = 180A7EEC29AB694800B3081B /* LaunchScreen.storyboard */; };
		180A7EFC29AB6A2F00B3081B /* UILabel+App.swift in Sources */ = {isa = PBXBuildFile; fileRef = 180A7EF729AB6A2F00B3081B /* UILabel+App.swift */; };
		180A7EFE29AB6A2F00B3081B /* UIView + Extensions.swift in Sources */ = {isa = PBXBuildFile; fileRef = 180A7EF929AB6A2F00B3081B /* UIView + Extensions.swift */; };
		180A7EFF29AB6A2F00B3081B /* UIStackView + Extensions.swift in Sources */ = {isa = PBXBuildFile; fileRef = 180A7EFA29AB6A2F00B3081B /* UIStackView + Extensions.swift */; };
		180A7F0329AB6A6900B3081B /* UIColor+App.swift in Sources */ = {isa = PBXBuildFile; fileRef = 180A7F0229AB6A6900B3081B /* UIColor+App.swift */; };
		180A7F0529AB6AB400B3081B /* UIButton+App.swift in Sources */ = {isa = PBXBuildFile; fileRef = 180A7F0429AB6AB400B3081B /* UIButton+App.swift */; };
		180A7F0B29AB6F4D00B3081B /* SplashViewController.swift in Sources */ = {isa = PBXBuildFile; fileRef = 180A7F0A29AB6F4D00B3081B /* SplashViewController.swift */; };
		180A7F0D29AB716900B3081B /* UITabbarController+Progress.swift in Sources */ = {isa = PBXBuildFile; fileRef = 180A7F0C29AB716900B3081B /* UITabbarController+Progress.swift */; };
		180A7F1F29AB745D00B3081B /* MainViewController.swift in Sources */ = {isa = PBXBuildFile; fileRef = 180A7F1E29AB745D00B3081B /* MainViewController.swift */; };
		180A7F2129AB747400B3081B /* CategoriesViewController.swift in Sources */ = {isa = PBXBuildFile; fileRef = 180A7F2029AB747400B3081B /* CategoriesViewController.swift */; };
		180A7F2629AB749700B3081B /* FavoriteViewController.swift in Sources */ = {isa = PBXBuildFile; fileRef = 180A7F2529AB749700B3081B /* FavoriteViewController.swift */; };
		180A7F3D29AB77A200B3081B /* UserProvider.swift in Sources */ = {isa = PBXBuildFile; fileRef = 180A7F3C29AB77A200B3081B /* UserProvider.swift */; };
		1882E6CE29AF781300E4F948 /* SearchViewController.swift in Sources */ = {isa = PBXBuildFile; fileRef = 1882E6CD29AF781300E4F948 /* SearchViewController.swift */; };
		1882E6D229AF78C700E4F948 /* RecipeViewController.swift in Sources */ = {isa = PBXBuildFile; fileRef = 1882E6D129AF78C700E4F948 /* RecipeViewController.swift */; };
		540DEC9429B09575008AE297 /* APIService.swift in Sources */ = {isa = PBXBuildFile; fileRef = 540DEC9129B09575008AE297 /* APIService.swift */; };
		540DEC9529B09575008AE297 /* NetworkManager.swift in Sources */ = {isa = PBXBuildFile; fileRef = 540DEC9229B09575008AE297 /* NetworkManager.swift */; };
		540DEC9629B09575008AE297 /* JSONDecoderManager.swift in Sources */ = {isa = PBXBuildFile; fileRef = 540DEC9329B09575008AE297 /* JSONDecoderManager.swift */; };
		540DEC9C29B0AB77008AE297 /* UIImageView.swift in Sources */ = {isa = PBXBuildFile; fileRef = 540DEC9B29B0AB77008AE297 /* UIImageView.swift */; };
		540DEC9E29B0E625008AE297 /* DetailResponseModel.swift in Sources */ = {isa = PBXBuildFile; fileRef = 540DEC9D29B0E625008AE297 /* DetailResponseModel.swift */; };
		540DECA329B1F61B008AE297 /* CategoriesCollectionViewCell.swift in Sources */ = {isa = PBXBuildFile; fileRef = 540DECA229B1F61B008AE297 /* CategoriesCollectionViewCell.swift */; };
		540DECA629B1F8D8008AE297 /* CategoryArray.swift in Sources */ = {isa = PBXBuildFile; fileRef = 540DECA529B1F8D8008AE297 /* CategoryArray.swift */; };
		540DECAC29B20457008AE297 /* GenlViewController.swift in Sources */ = {isa = PBXBuildFile; fileRef = 540DECAB29B20457008AE297 /* GenlViewController.swift */; };
		540DECAF29B20473008AE297 /* GenlCollectionViewCell.swift in Sources */ = {isa = PBXBuildFile; fileRef = 540DECAE29B20473008AE297 /* GenlCollectionViewCell.swift */; };
		540DECB229B209E6008AE297 /* GentlModel.swift in Sources */ = {isa = PBXBuildFile; fileRef = 540DECB129B209E6008AE297 /* GentlModel.swift */; };
		540DECB629B21EA2008AE297 /* CategoryImageModel.swift in Sources */ = {isa = PBXBuildFile; fileRef = 540DECB529B21EA2008AE297 /* CategoryImageModel.swift */; };
		540E52DB29ACCAF2008EF139 /* UIView.swift in Sources */ = {isa = PBXBuildFile; fileRef = 540E52D829ACCAF2008EF139 /* UIView.swift */; };
		540E52DC29ACCAF2008EF139 /* Helpers.swift in Sources */ = {isa = PBXBuildFile; fileRef = 540E52DA29ACCAF2008EF139 /* Helpers.swift */; };
		540E52E129ACCB28008EF139 /* TrendView.swift in Sources */ = {isa = PBXBuildFile; fileRef = 540E52DE29ACCB28008EF139 /* TrendView.swift */; };
		540E52E229ACCB28008EF139 /* TrendCollectionViewCell.swift in Sources */ = {isa = PBXBuildFile; fileRef = 540E52E029ACCB28008EF139 /* TrendCollectionViewCell.swift */; };
		540E52E529ACCB41008EF139 /* MainBrain.swift in Sources */ = {isa = PBXBuildFile; fileRef = 540E52E329ACCB41008EF139 /* MainBrain.swift */; };
		540E52E629ACCB41008EF139 /* RecipesModel.swift in Sources */ = {isa = PBXBuildFile; fileRef = 540E52E429ACCB41008EF139 /* RecipesModel.swift */; };
		540E52EF29ACCFCC008EF139 /* CategoryCellViewModel.swift in Sources */ = {isa = PBXBuildFile; fileRef = 540E52EE29ACCFCC008EF139 /* CategoryCellViewModel.swift */; };
		540E52FA29ACF57B008EF139 /* SavedView.swift in Sources */ = {isa = PBXBuildFile; fileRef = 540E52F929ACF57B008EF139 /* SavedView.swift */; };
		540E52FD29ACF5B4008EF139 /* SavedCollectionViewCell.swift in Sources */ = {isa = PBXBuildFile; fileRef = 540E52FC29ACF5B4008EF139 /* SavedCollectionViewCell.swift */; };
/* End PBXBuildFile section */

/* Begin PBXFileReference section */
		180A7EDE29AB694700B3081B /* RecipeBookChallenge.app */ = {isa = PBXFileReference; explicitFileType = wrapper.application; includeInIndex = 0; path = RecipeBookChallenge.app; sourceTree = BUILT_PRODUCTS_DIR; };
		180A7EE129AB694700B3081B /* AppDelegate.swift */ = {isa = PBXFileReference; lastKnownFileType = sourcecode.swift; path = AppDelegate.swift; sourceTree = "<group>"; };
		180A7EE829AB694700B3081B /* Base */ = {isa = PBXFileReference; lastKnownFileType = file.storyboard; name = Base; path = Base.lproj/Main.storyboard; sourceTree = "<group>"; };
		180A7EEA29AB694800B3081B /* Assets.xcassets */ = {isa = PBXFileReference; lastKnownFileType = folder.assetcatalog; path = Assets.xcassets; sourceTree = "<group>"; };
		180A7EED29AB694800B3081B /* Base */ = {isa = PBXFileReference; lastKnownFileType = file.storyboard; name = Base; path = Base.lproj/LaunchScreen.storyboard; sourceTree = "<group>"; };
		180A7EEF29AB694800B3081B /* Info.plist */ = {isa = PBXFileReference; lastKnownFileType = text.plist.xml; path = Info.plist; sourceTree = "<group>"; };
		180A7EF729AB6A2F00B3081B /* UILabel+App.swift */ = {isa = PBXFileReference; fileEncoding = 4; lastKnownFileType = sourcecode.swift; path = "UILabel+App.swift"; sourceTree = "<group>"; };
		180A7EF929AB6A2F00B3081B /* UIView + Extensions.swift */ = {isa = PBXFileReference; fileEncoding = 4; lastKnownFileType = sourcecode.swift; path = "UIView + Extensions.swift"; sourceTree = "<group>"; };
		180A7EFA29AB6A2F00B3081B /* UIStackView + Extensions.swift */ = {isa = PBXFileReference; fileEncoding = 4; lastKnownFileType = sourcecode.swift; path = "UIStackView + Extensions.swift"; sourceTree = "<group>"; };
		180A7F0229AB6A6900B3081B /* UIColor+App.swift */ = {isa = PBXFileReference; fileEncoding = 4; lastKnownFileType = sourcecode.swift; path = "UIColor+App.swift"; sourceTree = "<group>"; };
		180A7F0429AB6AB400B3081B /* UIButton+App.swift */ = {isa = PBXFileReference; fileEncoding = 4; lastKnownFileType = sourcecode.swift; path = "UIButton+App.swift"; sourceTree = "<group>"; };
		180A7F0A29AB6F4D00B3081B /* SplashViewController.swift */ = {isa = PBXFileReference; lastKnownFileType = sourcecode.swift; path = SplashViewController.swift; sourceTree = "<group>"; };
		180A7F0C29AB716900B3081B /* UITabbarController+Progress.swift */ = {isa = PBXFileReference; fileEncoding = 4; lastKnownFileType = sourcecode.swift; path = "UITabbarController+Progress.swift"; sourceTree = "<group>"; };
		180A7F1E29AB745D00B3081B /* MainViewController.swift */ = {isa = PBXFileReference; lastKnownFileType = sourcecode.swift; path = MainViewController.swift; sourceTree = "<group>"; };
		180A7F2029AB747400B3081B /* CategoriesViewController.swift */ = {isa = PBXFileReference; lastKnownFileType = sourcecode.swift; path = CategoriesViewController.swift; sourceTree = "<group>"; };
		180A7F2529AB749700B3081B /* FavoriteViewController.swift */ = {isa = PBXFileReference; lastKnownFileType = sourcecode.swift; path = FavoriteViewController.swift; sourceTree = "<group>"; };
		180A7F3C29AB77A200B3081B /* UserProvider.swift */ = {isa = PBXFileReference; fileEncoding = 4; lastKnownFileType = sourcecode.swift; path = UserProvider.swift; sourceTree = "<group>"; };
		1882E6CD29AF781300E4F948 /* SearchViewController.swift */ = {isa = PBXFileReference; lastKnownFileType = sourcecode.swift; path = SearchViewController.swift; sourceTree = "<group>"; };
		1882E6D129AF78C700E4F948 /* RecipeViewController.swift */ = {isa = PBXFileReference; lastKnownFileType = sourcecode.swift; path = RecipeViewController.swift; sourceTree = "<group>"; };
		540DEC9129B09575008AE297 /* APIService.swift */ = {isa = PBXFileReference; fileEncoding = 4; lastKnownFileType = sourcecode.swift; path = APIService.swift; sourceTree = "<group>"; };
		540DEC9229B09575008AE297 /* NetworkManager.swift */ = {isa = PBXFileReference; fileEncoding = 4; lastKnownFileType = sourcecode.swift; path = NetworkManager.swift; sourceTree = "<group>"; };
		540DEC9329B09575008AE297 /* JSONDecoderManager.swift */ = {isa = PBXFileReference; fileEncoding = 4; lastKnownFileType = sourcecode.swift; path = JSONDecoderManager.swift; sourceTree = "<group>"; };
		540DEC9B29B0AB77008AE297 /* UIImageView.swift */ = {isa = PBXFileReference; fileEncoding = 4; lastKnownFileType = sourcecode.swift; path = UIImageView.swift; sourceTree = "<group>"; };
		540DEC9D29B0E625008AE297 /* DetailResponseModel.swift */ = {isa = PBXFileReference; lastKnownFileType = sourcecode.swift; path = DetailResponseModel.swift; sourceTree = "<group>"; };
		540DECA229B1F61B008AE297 /* CategoriesCollectionViewCell.swift */ = {isa = PBXFileReference; fileEncoding = 4; lastKnownFileType = sourcecode.swift; path = CategoriesCollectionViewCell.swift; sourceTree = "<group>"; };
		540DECA529B1F8D8008AE297 /* CategoryArray.swift */ = {isa = PBXFileReference; lastKnownFileType = sourcecode.swift; path = CategoryArray.swift; sourceTree = "<group>"; };
		540DECAB29B20457008AE297 /* GenlViewController.swift */ = {isa = PBXFileReference; lastKnownFileType = sourcecode.swift; path = GenlViewController.swift; sourceTree = "<group>"; };
		540DECAE29B20473008AE297 /* GenlCollectionViewCell.swift */ = {isa = PBXFileReference; lastKnownFileType = sourcecode.swift; path = GenlCollectionViewCell.swift; sourceTree = "<group>"; };
		540DECB129B209E6008AE297 /* GentlModel.swift */ = {isa = PBXFileReference; lastKnownFileType = sourcecode.swift; path = GentlModel.swift; sourceTree = "<group>"; };
		540DECB529B21EA2008AE297 /* CategoryImageModel.swift */ = {isa = PBXFileReference; lastKnownFileType = sourcecode.swift; path = CategoryImageModel.swift; sourceTree = "<group>"; };
		540E52D829ACCAF2008EF139 /* UIView.swift */ = {isa = PBXFileReference; fileEncoding = 4; lastKnownFileType = sourcecode.swift; path = UIView.swift; sourceTree = "<group>"; };
		540E52DA29ACCAF2008EF139 /* Helpers.swift */ = {isa = PBXFileReference; fileEncoding = 4; lastKnownFileType = sourcecode.swift; path = Helpers.swift; sourceTree = "<group>"; };
		540E52DE29ACCB28008EF139 /* TrendView.swift */ = {isa = PBXFileReference; fileEncoding = 4; lastKnownFileType = sourcecode.swift; path = TrendView.swift; sourceTree = "<group>"; };
		540E52E029ACCB28008EF139 /* TrendCollectionViewCell.swift */ = {isa = PBXFileReference; fileEncoding = 4; lastKnownFileType = sourcecode.swift; path = TrendCollectionViewCell.swift; sourceTree = "<group>"; };
		540E52E329ACCB41008EF139 /* MainBrain.swift */ = {isa = PBXFileReference; fileEncoding = 4; lastKnownFileType = sourcecode.swift; path = MainBrain.swift; sourceTree = "<group>"; };
		540E52E429ACCB41008EF139 /* RecipesModel.swift */ = {isa = PBXFileReference; fileEncoding = 4; lastKnownFileType = sourcecode.swift; path = RecipesModel.swift; sourceTree = "<group>"; };
		540E52EE29ACCFCC008EF139 /* CategoryCellViewModel.swift */ = {isa = PBXFileReference; lastKnownFileType = sourcecode.swift; path = CategoryCellViewModel.swift; sourceTree = "<group>"; };
		540E52F929ACF57B008EF139 /* SavedView.swift */ = {isa = PBXFileReference; lastKnownFileType = sourcecode.swift; path = SavedView.swift; sourceTree = "<group>"; };
		540E52FC29ACF5B4008EF139 /* SavedCollectionViewCell.swift */ = {isa = PBXFileReference; lastKnownFileType = sourcecode.swift; path = SavedCollectionViewCell.swift; sourceTree = "<group>"; };
/* End PBXFileReference section */

/* Begin PBXFrameworksBuildPhase section */
		180A7EDB29AB694700B3081B /* Frameworks */ = {
			isa = PBXFrameworksBuildPhase;
			buildActionMask = 2147483647;
			files = (
			);
			runOnlyForDeploymentPostprocessing = 0;
		};
/* End PBXFrameworksBuildPhase section */

/* Begin PBXGroup section */
		180A7ED529AB694700B3081B = {
			isa = PBXGroup;
			children = (
				180A7EE029AB694700B3081B /* RecipeBookChallenge */,
				180A7EDF29AB694700B3081B /* Products */,
			);
			sourceTree = "<group>";
		};
		180A7EDF29AB694700B3081B /* Products */ = {
			isa = PBXGroup;
			children = (
				180A7EDE29AB694700B3081B /* RecipeBookChallenge.app */,
			);
			name = Products;
			sourceTree = "<group>";
		};
		180A7EE029AB694700B3081B /* RecipeBookChallenge */ = {
			isa = PBXGroup;
			children = (
				180A7EF529AB6A1E00B3081B /* Modules */,
				540E52D629ACCAF2008EF139 /* Common */,
				180A7F3B29AB779600B3081B /* Services */,
				180A7EF629AB6A2F00B3081B /* CommonUI */,
				180A7F0129AB6A6900B3081B /* UIConstants */,
				540E52E729ACCD5C008EF139 /* Applications */,
			);
			path = RecipeBookChallenge;
			sourceTree = "<group>";
		};
		180A7EF529AB6A1E00B3081B /* Modules */ = {
			isa = PBXGroup;
			children = (
				1882E6CF29AF78A100E4F948 /* RecipeModule */,
				180A7F0629AB6F1D00B3081B /* Splash */,
				180A7F0E29AB72D900B3081B /* Main */,
				180A7F0F29AB72F300B3081B /* Categories */,
				180A7F1129AB732000B3081B /* Favorite */,
				1882E6C729AF77A500E4F948 /* SearchModule */,
				540DECA929B203D6008AE297 /* Genl */,
			);
			path = Modules;
			sourceTree = "<group>";
		};
		180A7EF629AB6A2F00B3081B /* CommonUI */ = {
			isa = PBXGroup;
			children = (
				180A7EF729AB6A2F00B3081B /* UILabel+App.swift */,
				180A7EF929AB6A2F00B3081B /* UIView + Extensions.swift */,
				180A7EFA29AB6A2F00B3081B /* UIStackView + Extensions.swift */,
			);
			path = CommonUI;
			sourceTree = "<group>";
		};
		180A7F0129AB6A6900B3081B /* UIConstants */ = {
			isa = PBXGroup;
			children = (
				180A7F0429AB6AB400B3081B /* UIButton+App.swift */,
				180A7F0229AB6A6900B3081B /* UIColor+App.swift */,
			);
			path = UIConstants;
			sourceTree = "<group>";
		};
		180A7F0629AB6F1D00B3081B /* Splash */ = {
			isa = PBXGroup;
			children = (
				180A7F0929AB6F3700B3081B /* Models */,
				180A7F0829AB6F3100B3081B /* Views */,
				180A7F0729AB6F2800B3081B /* Controllers */,
			);
			path = Splash;
			sourceTree = "<group>";
		};
		180A7F0729AB6F2800B3081B /* Controllers */ = {
			isa = PBXGroup;
			children = (
				180A7F0A29AB6F4D00B3081B /* SplashViewController.swift */,
			);
			path = Controllers;
			sourceTree = "<group>";
		};
		180A7F0829AB6F3100B3081B /* Views */ = {
			isa = PBXGroup;
			children = (
			);
			path = Views;
			sourceTree = "<group>";
		};
		180A7F0929AB6F3700B3081B /* Models */ = {
			isa = PBXGroup;
			children = (
			);
			path = Models;
			sourceTree = "<group>";
		};
		180A7F0E29AB72D900B3081B /* Main */ = {
			isa = PBXGroup;
			children = (
				180A7F1229AB739400B3081B /* Controllers */,
				180A7F1629AB73AE00B3081B /* Views */,
				180A7F1A29AB73D300B3081B /* Models */,
			);
			path = Main;
			sourceTree = "<group>";
		};
		180A7F0F29AB72F300B3081B /* Categories */ = {
			isa = PBXGroup;
			children = (
				540DECA429B1F8CA008AE297 /* Model */,
				180A7F1B29AB73DC00B3081B /* Models */,
				180A7F1729AB73B600B3081B /* Views */,
				180A7F1329AB739F00B3081B /* Controllers */,
			);
			path = Categories;
			sourceTree = "<group>";
		};
		180A7F1129AB732000B3081B /* Favorite */ = {
			isa = PBXGroup;
			children = (
				180A7F1D29AB73E400B3081B /* Models */,
				180A7F1929AB73BC00B3081B /* Views */,
				180A7F1529AB73A800B3081B /* Controllers */,
			);
			path = Favorite;
			sourceTree = "<group>";
		};
		180A7F1229AB739400B3081B /* Controllers */ = {
			isa = PBXGroup;
			children = (
				180A7F1E29AB745D00B3081B /* MainViewController.swift */,
			);
			path = Controllers;
			sourceTree = "<group>";
		};
		180A7F1329AB739F00B3081B /* Controllers */ = {
			isa = PBXGroup;
			children = (
				540DECA129B1F60F008AE297 /* Cells */,
				180A7F2029AB747400B3081B /* CategoriesViewController.swift */,
			);
			path = Controllers;
			sourceTree = "<group>";
		};
		180A7F1529AB73A800B3081B /* Controllers */ = {
			isa = PBXGroup;
			children = (
				180A7F2529AB749700B3081B /* FavoriteViewController.swift */,
			);
			path = Controllers;
			sourceTree = "<group>";
		};
		180A7F1629AB73AE00B3081B /* Views */ = {
			isa = PBXGroup;
			children = (
				540E52DD29ACCB28008EF139 /* Trend */,
				540E52F829ACF564008EF139 /* Saved */,
			);
			path = Views;
			sourceTree = "<group>";
		};
		180A7F1729AB73B600B3081B /* Views */ = {
			isa = PBXGroup;
			children = (
			);
			path = Views;
			sourceTree = "<group>";
		};
		180A7F1929AB73BC00B3081B /* Views */ = {
			isa = PBXGroup;
			children = (
			);
			path = Views;
			sourceTree = "<group>";
		};
		180A7F1A29AB73D300B3081B /* Models */ = {
			isa = PBXGroup;
			children = (
				540E52E329ACCB41008EF139 /* MainBrain.swift */,
				540E52E429ACCB41008EF139 /* RecipesModel.swift */,
				540DEC9D29B0E625008AE297 /* DetailResponseModel.swift */,
				540E52EE29ACCFCC008EF139 /* CategoryCellViewModel.swift */,
			);
			path = Models;
			sourceTree = "<group>";
		};
		180A7F1B29AB73DC00B3081B /* Models */ = {
			isa = PBXGroup;
			children = (
			);
			path = Models;
			sourceTree = "<group>";
		};
		180A7F1D29AB73E400B3081B /* Models */ = {
			isa = PBXGroup;
			children = (
			);
			path = Models;
			sourceTree = "<group>";
		};
		180A7F3B29AB779600B3081B /* Services */ = {
			isa = PBXGroup;
			children = (
				180A7F0C29AB716900B3081B /* UITabbarController+Progress.swift */,
				180A7F3C29AB77A200B3081B /* UserProvider.swift */,
			);
			path = Services;
			sourceTree = "<group>";
		};
		1882E6C729AF77A500E4F948 /* SearchModule */ = {
			isa = PBXGroup;
			children = (
				1882E6CC29AF77FF00E4F948 /* Models */,
				1882E6C929AF77E500E4F948 /* Views */,
				1882E6C829AF77D900E4F948 /* Controllers */,
			);
			name = SearchModule;
			path = ../SearchModule;
			sourceTree = "<group>";
		};
		1882E6C829AF77D900E4F948 /* Controllers */ = {
			isa = PBXGroup;
			children = (
				1882E6CD29AF781300E4F948 /* SearchViewController.swift */,
			);
			path = Controllers;
			sourceTree = "<group>";
		};
		1882E6C929AF77E500E4F948 /* Views */ = {
			isa = PBXGroup;
			children = (
			);
			path = Views;
			sourceTree = "<group>";
		};
		1882E6CC29AF77FF00E4F948 /* Models */ = {
			isa = PBXGroup;
			children = (
			);
			path = Models;
			sourceTree = "<group>";
		};
		1882E6CF29AF78A100E4F948 /* RecipeModule */ = {
			isa = PBXGroup;
			children = (
				1882E6D029AF78AC00E4F948 /* Controllers */,
			);
			path = RecipeModule;
			sourceTree = "<group>";
		};
		1882E6D029AF78AC00E4F948 /* Controllers */ = {
			isa = PBXGroup;
			children = (
				1882E6D129AF78C700E4F948 /* RecipeViewController.swift */,
			);
			path = Controllers;
			sourceTree = "<group>";
		};
		540DEC9029B09575008AE297 /* Managers */ = {
			isa = PBXGroup;
			children = (
				540DEC9129B09575008AE297 /* APIService.swift */,
				540DEC9229B09575008AE297 /* NetworkManager.swift */,
				540DEC9329B09575008AE297 /* JSONDecoderManager.swift */,
			);
			path = Managers;
			sourceTree = "<group>";
		};
		540DECA129B1F60F008AE297 /* Cells */ = {
			isa = PBXGroup;
			children = (
				540DECA229B1F61B008AE297 /* CategoriesCollectionViewCell.swift */,
			);
			path = Cells;
			sourceTree = "<group>";
		};
		540DECA429B1F8CA008AE297 /* Model */ = {
			isa = PBXGroup;
			children = (
				540DECA529B1F8D8008AE297 /* CategoryArray.swift */,
				540DECB529B21EA2008AE297 /* CategoryImageModel.swift */,
			);
			path = Model;
			sourceTree = "<group>";
		};
		540DECA929B203D6008AE297 /* Genl */ = {
			isa = PBXGroup;
			children = (
				540DECB029B209CF008AE297 /* Models */,
				540DECAA29B20434008AE297 /* Controller */,
			);
			path = Genl;
			sourceTree = "<group>";
		};
		540DECAA29B20434008AE297 /* Controller */ = {
			isa = PBXGroup;
			children = (
				540DECAD29B2045E008AE297 /* Cell */,
				540DECAB29B20457008AE297 /* GenlViewController.swift */,
			);
			path = Controller;
			sourceTree = "<group>";
		};
		540DECAD29B2045E008AE297 /* Cell */ = {
			isa = PBXGroup;
			children = (
				540DECAE29B20473008AE297 /* GenlCollectionViewCell.swift */,
			);
			path = Cell;
			sourceTree = "<group>";
		};
		540DECB029B209CF008AE297 /* Models */ = {
			isa = PBXGroup;
			children = (
				540DECB129B209E6008AE297 /* GentlModel.swift */,
			);
			path = Models;
			sourceTree = "<group>";
		};
		540E52D629ACCAF2008EF139 /* Common */ = {
			isa = PBXGroup;
			children = (
				540DEC9029B09575008AE297 /* Managers */,
				540E52D729ACCAF2008EF139 /* Extensions */,
				540E52D929ACCAF2008EF139 /* Helpers */,
			);
			path = Common;
			sourceTree = "<group>";
		};
		540E52D729ACCAF2008EF139 /* Extensions */ = {
			isa = PBXGroup;
			children = (
				540DEC9B29B0AB77008AE297 /* UIImageView.swift */,
				540E52D829ACCAF2008EF139 /* UIView.swift */,
			);
			path = Extensions;
			sourceTree = "<group>";
		};
		540E52D929ACCAF2008EF139 /* Helpers */ = {
			isa = PBXGroup;
			children = (
				540E52DA29ACCAF2008EF139 /* Helpers.swift */,
			);
			path = Helpers;
			sourceTree = "<group>";
		};
		540E52DD29ACCB28008EF139 /* Trend */ = {
			isa = PBXGroup;
			children = (
				540E52DE29ACCB28008EF139 /* TrendView.swift */,
				540E52DF29ACCB28008EF139 /* TrendCollectionViewCell */,
			);
			path = Trend;
			sourceTree = "<group>";
		};
		540E52DF29ACCB28008EF139 /* TrendCollectionViewCell */ = {
			isa = PBXGroup;
			children = (
				540E52E029ACCB28008EF139 /* TrendCollectionViewCell.swift */,
			);
			path = TrendCollectionViewCell;
			sourceTree = "<group>";
		};
		540E52E729ACCD5C008EF139 /* Applications */ = {
			isa = PBXGroup;
			children = (
				180A7EE129AB694700B3081B /* AppDelegate.swift */,
				180A7EE729AB694700B3081B /* Main.storyboard */,
				180A7EEA29AB694800B3081B /* Assets.xcassets */,
				180A7EEC29AB694800B3081B /* LaunchScreen.storyboard */,
				180A7EEF29AB694800B3081B /* Info.plist */,
			);
			path = Applications;
			sourceTree = "<group>";
		};
		540E52F829ACF564008EF139 /* Saved */ = {
			isa = PBXGroup;
			children = (
				540E52F929ACF57B008EF139 /* SavedView.swift */,
				540E52FB29ACF59F008EF139 /* SavedCollectionViewCell */,
			);
			path = Saved;
			sourceTree = "<group>";
		};
		540E52FB29ACF59F008EF139 /* SavedCollectionViewCell */ = {
			isa = PBXGroup;
			children = (
				540E52FC29ACF5B4008EF139 /* SavedCollectionViewCell.swift */,
			);
			path = SavedCollectionViewCell;
			sourceTree = "<group>";
		};
/* End PBXGroup section */

/* Begin PBXNativeTarget section */
		180A7EDD29AB694700B3081B /* RecipeBookChallenge */ = {
			isa = PBXNativeTarget;
			buildConfigurationList = 180A7EF229AB694800B3081B /* Build configuration list for PBXNativeTarget "RecipeBookChallenge" */;
			buildPhases = (
				180A7EDA29AB694700B3081B /* Sources */,
				180A7EDB29AB694700B3081B /* Frameworks */,
				180A7EDC29AB694700B3081B /* Resources */,
			);
			buildRules = (
			);
			dependencies = (
			);
			name = RecipeBookChallenge;
			productName = RecipeBookChallenge;
			productReference = 180A7EDE29AB694700B3081B /* RecipeBookChallenge.app */;
			productType = "com.apple.product-type.application";
		};
/* End PBXNativeTarget section */

/* Begin PBXProject section */
		180A7ED629AB694700B3081B /* Project object */ = {
			isa = PBXProject;
			attributes = {
				BuildIndependentTargetsInParallel = 1;
				LastSwiftUpdateCheck = 1420;
				LastUpgradeCheck = 1420;
				TargetAttributes = {
					180A7EDD29AB694700B3081B = {
						CreatedOnToolsVersion = 14.2;
					};
				};
			};
			buildConfigurationList = 180A7ED929AB694700B3081B /* Build configuration list for PBXProject "RecipeBookChallenge" */;
			compatibilityVersion = "Xcode 14.0";
			developmentRegion = en;
			hasScannedForEncodings = 0;
			knownRegions = (
				en,
				Base,
			);
			mainGroup = 180A7ED529AB694700B3081B;
			productRefGroup = 180A7EDF29AB694700B3081B /* Products */;
			projectDirPath = "";
			projectRoot = "";
			targets = (
				180A7EDD29AB694700B3081B /* RecipeBookChallenge */,
			);
		};
/* End PBXProject section */

/* Begin PBXResourcesBuildPhase section */
		180A7EDC29AB694700B3081B /* Resources */ = {
			isa = PBXResourcesBuildPhase;
			buildActionMask = 2147483647;
			files = (
				180A7EEE29AB694800B3081B /* LaunchScreen.storyboard in Resources */,
				180A7EEB29AB694800B3081B /* Assets.xcassets in Resources */,
				180A7EE929AB694700B3081B /* Main.storyboard in Resources */,
			);
			runOnlyForDeploymentPostprocessing = 0;
		};
/* End PBXResourcesBuildPhase section */

/* Begin PBXSourcesBuildPhase section */
		180A7EDA29AB694700B3081B /* Sources */ = {
			isa = PBXSourcesBuildPhase;
			buildActionMask = 2147483647;
			files = (
				540E52DB29ACCAF2008EF139 /* UIView.swift in Sources */,
				540DECB229B209E6008AE297 /* GentlModel.swift in Sources */,
				540DEC9C29B0AB77008AE297 /* UIImageView.swift in Sources */,
				540E52DC29ACCAF2008EF139 /* Helpers.swift in Sources */,
				180A7EFE29AB6A2F00B3081B /* UIView + Extensions.swift in Sources */,
				180A7EFF29AB6A2F00B3081B /* UIStackView + Extensions.swift in Sources */,
				540E52E629ACCB41008EF139 /* RecipesModel.swift in Sources */,
				540DECAF29B20473008AE297 /* GenlCollectionViewCell.swift in Sources */,
				1882E6D229AF78C700E4F948 /* RecipeViewController.swift in Sources */,
				180A7EFC29AB6A2F00B3081B /* UILabel+App.swift in Sources */,
				540DECA329B1F61B008AE297 /* CategoriesCollectionViewCell.swift in Sources */,
				540E52FA29ACF57B008EF139 /* SavedView.swift in Sources */,
				540DEC9E29B0E625008AE297 /* DetailResponseModel.swift in Sources */,
				180A7F0529AB6AB400B3081B /* UIButton+App.swift in Sources */,
				180A7F2129AB747400B3081B /* CategoriesViewController.swift in Sources */,
				540DECB629B21EA2008AE297 /* CategoryImageModel.swift in Sources */,
				540E52E129ACCB28008EF139 /* TrendView.swift in Sources */,
				180A7EE229AB694700B3081B /* AppDelegate.swift in Sources */,
				540E52EF29ACCFCC008EF139 /* CategoryCellViewModel.swift in Sources */,
				540DEC9429B09575008AE297 /* APIService.swift in Sources */,
				180A7F0329AB6A6900B3081B /* UIColor+App.swift in Sources */,
				540DEC9529B09575008AE297 /* NetworkManager.swift in Sources */,
				540DECA629B1F8D8008AE297 /* CategoryArray.swift in Sources */,
				180A7F1F29AB745D00B3081B /* MainViewController.swift in Sources */,
				180A7F3D29AB77A200B3081B /* UserProvider.swift in Sources */,
				540E52E229ACCB28008EF139 /* TrendCollectionViewCell.swift in Sources */,
				540DECAC29B20457008AE297 /* GenlViewController.swift in Sources */,
				180A7F0D29AB716900B3081B /* UITabbarController+Progress.swift in Sources */,
				540E52E529ACCB41008EF139 /* MainBrain.swift in Sources */,
				1882E6CE29AF781300E4F948 /* SearchViewController.swift in Sources */,
				180A7F2629AB749700B3081B /* FavoriteViewController.swift in Sources */,
				540E52FD29ACF5B4008EF139 /* SavedCollectionViewCell.swift in Sources */,
				540DEC9629B09575008AE297 /* JSONDecoderManager.swift in Sources */,
				180A7F0B29AB6F4D00B3081B /* SplashViewController.swift in Sources */,
			);
			runOnlyForDeploymentPostprocessing = 0;
		};
/* End PBXSourcesBuildPhase section */

/* Begin PBXVariantGroup section */
		180A7EE729AB694700B3081B /* Main.storyboard */ = {
			isa = PBXVariantGroup;
			children = (
				180A7EE829AB694700B3081B /* Base */,
			);
			name = Main.storyboard;
			sourceTree = "<group>";
		};
		180A7EEC29AB694800B3081B /* LaunchScreen.storyboard */ = {
			isa = PBXVariantGroup;
			children = (
				180A7EED29AB694800B3081B /* Base */,
			);
			name = LaunchScreen.storyboard;
			sourceTree = "<group>";
		};
/* End PBXVariantGroup section */

/* Begin XCBuildConfiguration section */
		180A7EF029AB694800B3081B /* Debug */ = {
			isa = XCBuildConfiguration;
			buildSettings = {
				ALWAYS_SEARCH_USER_PATHS = NO;
				CLANG_ANALYZER_NONNULL = YES;
				CLANG_ANALYZER_NUMBER_OBJECT_CONVERSION = YES_AGGRESSIVE;
				CLANG_CXX_LANGUAGE_STANDARD = "gnu++20";
				CLANG_ENABLE_MODULES = YES;
				CLANG_ENABLE_OBJC_ARC = YES;
				CLANG_ENABLE_OBJC_WEAK = YES;
				CLANG_WARN_BLOCK_CAPTURE_AUTORELEASING = YES;
				CLANG_WARN_BOOL_CONVERSION = YES;
				CLANG_WARN_COMMA = YES;
				CLANG_WARN_CONSTANT_CONVERSION = YES;
				CLANG_WARN_DEPRECATED_OBJC_IMPLEMENTATIONS = YES;
				CLANG_WARN_DIRECT_OBJC_ISA_USAGE = YES_ERROR;
				CLANG_WARN_DOCUMENTATION_COMMENTS = YES;
				CLANG_WARN_EMPTY_BODY = YES;
				CLANG_WARN_ENUM_CONVERSION = YES;
				CLANG_WARN_INFINITE_RECURSION = YES;
				CLANG_WARN_INT_CONVERSION = YES;
				CLANG_WARN_NON_LITERAL_NULL_CONVERSION = YES;
				CLANG_WARN_OBJC_IMPLICIT_RETAIN_SELF = YES;
				CLANG_WARN_OBJC_LITERAL_CONVERSION = YES;
				CLANG_WARN_OBJC_ROOT_CLASS = YES_ERROR;
				CLANG_WARN_QUOTED_INCLUDE_IN_FRAMEWORK_HEADER = YES;
				CLANG_WARN_RANGE_LOOP_ANALYSIS = YES;
				CLANG_WARN_STRICT_PROTOTYPES = YES;
				CLANG_WARN_SUSPICIOUS_MOVE = YES;
				CLANG_WARN_UNGUARDED_AVAILABILITY = YES_AGGRESSIVE;
				CLANG_WARN_UNREACHABLE_CODE = YES;
				CLANG_WARN__DUPLICATE_METHOD_MATCH = YES;
				COPY_PHASE_STRIP = NO;
				DEBUG_INFORMATION_FORMAT = dwarf;
				ENABLE_STRICT_OBJC_MSGSEND = YES;
				ENABLE_TESTABILITY = YES;
				GCC_C_LANGUAGE_STANDARD = gnu11;
				GCC_DYNAMIC_NO_PIC = NO;
				GCC_NO_COMMON_BLOCKS = YES;
				GCC_OPTIMIZATION_LEVEL = 0;
				GCC_PREPROCESSOR_DEFINITIONS = (
					"DEBUG=1",
					"$(inherited)",
				);
				GCC_WARN_64_TO_32_BIT_CONVERSION = YES;
				GCC_WARN_ABOUT_RETURN_TYPE = YES_ERROR;
				GCC_WARN_UNDECLARED_SELECTOR = YES;
				GCC_WARN_UNINITIALIZED_AUTOS = YES_AGGRESSIVE;
				GCC_WARN_UNUSED_FUNCTION = YES;
				GCC_WARN_UNUSED_VARIABLE = YES;
				IPHONEOS_DEPLOYMENT_TARGET = 16.2;
				MTL_ENABLE_DEBUG_INFO = INCLUDE_SOURCE;
				MTL_FAST_MATH = YES;
				ONLY_ACTIVE_ARCH = YES;
				SDKROOT = iphoneos;
				SWIFT_ACTIVE_COMPILATION_CONDITIONS = DEBUG;
				SWIFT_OPTIMIZATION_LEVEL = "-Onone";
			};
			name = Debug;
		};
		180A7EF129AB694800B3081B /* Release */ = {
			isa = XCBuildConfiguration;
			buildSettings = {
				ALWAYS_SEARCH_USER_PATHS = NO;
				CLANG_ANALYZER_NONNULL = YES;
				CLANG_ANALYZER_NUMBER_OBJECT_CONVERSION = YES_AGGRESSIVE;
				CLANG_CXX_LANGUAGE_STANDARD = "gnu++20";
				CLANG_ENABLE_MODULES = YES;
				CLANG_ENABLE_OBJC_ARC = YES;
				CLANG_ENABLE_OBJC_WEAK = YES;
				CLANG_WARN_BLOCK_CAPTURE_AUTORELEASING = YES;
				CLANG_WARN_BOOL_CONVERSION = YES;
				CLANG_WARN_COMMA = YES;
				CLANG_WARN_CONSTANT_CONVERSION = YES;
				CLANG_WARN_DEPRECATED_OBJC_IMPLEMENTATIONS = YES;
				CLANG_WARN_DIRECT_OBJC_ISA_USAGE = YES_ERROR;
				CLANG_WARN_DOCUMENTATION_COMMENTS = YES;
				CLANG_WARN_EMPTY_BODY = YES;
				CLANG_WARN_ENUM_CONVERSION = YES;
				CLANG_WARN_INFINITE_RECURSION = YES;
				CLANG_WARN_INT_CONVERSION = YES;
				CLANG_WARN_NON_LITERAL_NULL_CONVERSION = YES;
				CLANG_WARN_OBJC_IMPLICIT_RETAIN_SELF = YES;
				CLANG_WARN_OBJC_LITERAL_CONVERSION = YES;
				CLANG_WARN_OBJC_ROOT_CLASS = YES_ERROR;
				CLANG_WARN_QUOTED_INCLUDE_IN_FRAMEWORK_HEADER = YES;
				CLANG_WARN_RANGE_LOOP_ANALYSIS = YES;
				CLANG_WARN_STRICT_PROTOTYPES = YES;
				CLANG_WARN_SUSPICIOUS_MOVE = YES;
				CLANG_WARN_UNGUARDED_AVAILABILITY = YES_AGGRESSIVE;
				CLANG_WARN_UNREACHABLE_CODE = YES;
				CLANG_WARN__DUPLICATE_METHOD_MATCH = YES;
				COPY_PHASE_STRIP = NO;
				DEBUG_INFORMATION_FORMAT = "dwarf-with-dsym";
				ENABLE_NS_ASSERTIONS = NO;
				ENABLE_STRICT_OBJC_MSGSEND = YES;
				GCC_C_LANGUAGE_STANDARD = gnu11;
				GCC_NO_COMMON_BLOCKS = YES;
				GCC_WARN_64_TO_32_BIT_CONVERSION = YES;
				GCC_WARN_ABOUT_RETURN_TYPE = YES_ERROR;
				GCC_WARN_UNDECLARED_SELECTOR = YES;
				GCC_WARN_UNINITIALIZED_AUTOS = YES_AGGRESSIVE;
				GCC_WARN_UNUSED_FUNCTION = YES;
				GCC_WARN_UNUSED_VARIABLE = YES;
				IPHONEOS_DEPLOYMENT_TARGET = 16.2;
				MTL_ENABLE_DEBUG_INFO = NO;
				MTL_FAST_MATH = YES;
				SDKROOT = iphoneos;
				SWIFT_COMPILATION_MODE = wholemodule;
				SWIFT_OPTIMIZATION_LEVEL = "-O";
				VALIDATE_PRODUCT = YES;
			};
			name = Release;
		};
		180A7EF329AB694800B3081B /* Debug */ = {
			isa = XCBuildConfiguration;
			buildSettings = {
				ASSETCATALOG_COMPILER_APPICON_NAME = AppIcon;
				ASSETCATALOG_COMPILER_GLOBAL_ACCENT_COLOR_NAME = AccentColor;
				CODE_SIGN_STYLE = Automatic;
				CURRENT_PROJECT_VERSION = 1;
				DEVELOPMENT_TEAM = 8Y6H5QR6S6;
				GENERATE_INFOPLIST_FILE = YES;
				INFOPLIST_FILE = RecipeBookChallenge/Applications/Info.plist;
				INFOPLIST_KEY_UIApplicationSupportsIndirectInputEvents = YES;
				INFOPLIST_KEY_UILaunchStoryboardName = LaunchScreen;
				INFOPLIST_KEY_UIMainStoryboardFile = "";
				INFOPLIST_KEY_UISupportedInterfaceOrientations = UIInterfaceOrientationPortrait;
				INFOPLIST_KEY_UISupportedInterfaceOrientations_iPad = "UIInterfaceOrientationLandscapeLeft UIInterfaceOrientationLandscapeRight UIInterfaceOrientationPortrait UIInterfaceOrientationPortraitUpsideDown";
				IPHONEOS_DEPLOYMENT_TARGET = 14.0;
				LD_RUNPATH_SEARCH_PATHS = (
					"$(inherited)",
					"@executable_path/Frameworks",
				);
				MARKETING_VERSION = 1.0;
				PRODUCT_BUNDLE_IDENTIFIER = mbfuji01.RecipeBookChallenge;
				PRODUCT_NAME = "$(TARGET_NAME)";
				SUPPORTED_PLATFORMS = "iphoneos iphonesimulator";
				SUPPORTS_MACCATALYST = NO;
				SUPPORTS_MAC_DESIGNED_FOR_IPHONE_IPAD = NO;
				SWIFT_EMIT_LOC_STRINGS = YES;
				SWIFT_VERSION = 5.0;
				TARGETED_DEVICE_FAMILY = 1;
			};
			name = Debug;
		};
		180A7EF429AB694800B3081B /* Release */ = {
			isa = XCBuildConfiguration;
			buildSettings = {
				ASSETCATALOG_COMPILER_APPICON_NAME = AppIcon;
				ASSETCATALOG_COMPILER_GLOBAL_ACCENT_COLOR_NAME = AccentColor;
				CODE_SIGN_STYLE = Automatic;
				CURRENT_PROJECT_VERSION = 1;
				DEVELOPMENT_TEAM = 8Y6H5QR6S6;
				GENERATE_INFOPLIST_FILE = YES;
				INFOPLIST_FILE = RecipeBookChallenge/Applications/Info.plist;
				INFOPLIST_KEY_UIApplicationSupportsIndirectInputEvents = YES;
				INFOPLIST_KEY_UILaunchStoryboardName = LaunchScreen;
				INFOPLIST_KEY_UIMainStoryboardFile = "";
				INFOPLIST_KEY_UISupportedInterfaceOrientations = UIInterfaceOrientationPortrait;
				INFOPLIST_KEY_UISupportedInterfaceOrientations_iPad = "UIInterfaceOrientationLandscapeLeft UIInterfaceOrientationLandscapeRight UIInterfaceOrientationPortrait UIInterfaceOrientationPortraitUpsideDown";
				IPHONEOS_DEPLOYMENT_TARGET = 14.0;
				LD_RUNPATH_SEARCH_PATHS = (
					"$(inherited)",
					"@executable_path/Frameworks",
				);
				MARKETING_VERSION = 1.0;
				PRODUCT_BUNDLE_IDENTIFIER = mbfuji01.RecipeBookChallenge;
				PRODUCT_NAME = "$(TARGET_NAME)";
				SUPPORTED_PLATFORMS = "iphoneos iphonesimulator";
				SUPPORTS_MACCATALYST = NO;
				SUPPORTS_MAC_DESIGNED_FOR_IPHONE_IPAD = NO;
				SWIFT_EMIT_LOC_STRINGS = YES;
				SWIFT_VERSION = 5.0;
				TARGETED_DEVICE_FAMILY = 1;
			};
			name = Release;
		};
/* End XCBuildConfiguration section */

/* Begin XCConfigurationList section */
		180A7ED929AB694700B3081B /* Build configuration list for PBXProject "RecipeBookChallenge" */ = {
			isa = XCConfigurationList;
			buildConfigurations = (
				180A7EF029AB694800B3081B /* Debug */,
				180A7EF129AB694800B3081B /* Release */,
			);
			defaultConfigurationIsVisible = 0;
			defaultConfigurationName = Release;
		};
		180A7EF229AB694800B3081B /* Build configuration list for PBXNativeTarget "RecipeBookChallenge" */ = {
			isa = XCConfigurationList;
			buildConfigurations = (
				180A7EF329AB694800B3081B /* Debug */,
				180A7EF429AB694800B3081B /* Release */,
			);
			defaultConfigurationIsVisible = 0;
			defaultConfigurationName = Release;
		};
/* End XCConfigurationList section */
	};
	rootObject = 180A7ED629AB694700B3081B /* Project object */;
}
